// !$*UTF8*$!
{
	archiveVersion = 1;
	classes = {
	};
	objectVersion = 50;
	objects = {

/* Begin PBXBuildFile section */
		699EB3C0234DBA0D00CC2315 /* Assets.xcassets in Resources */ = {isa = PBXBuildFile; fileRef = 699EB3BF234DBA0D00CC2315 /* Assets.xcassets */; };
		699EB3C6234DBA0D00CC2315 /* main.m in Sources */ = {isa = PBXBuildFile; fileRef = 699EB3C5234DBA0D00CC2315 /* main.m */; };
		699EB3D5234DC4D800CC2315 /* AppIcon.icns in Resources */ = {isa = PBXBuildFile; fileRef = 699EB3D4234DC4D800CC2315 /* AppIcon.icns */; };
/* End PBXBuildFile section */

/* Begin PBXFileReference section */
		699EB3B9234DBA0C00CC2315 /* cd to.app */ = {isa = PBXFileReference; explicitFileType = wrapper.application; includeInIndex = 0; path = "cd to.app"; sourceTree = BUILT_PRODUCTS_DIR; };
		699EB3BF234DBA0D00CC2315 /* Assets.xcassets */ = {isa = PBXFileReference; lastKnownFileType = folder.assetcatalog; path = Assets.xcassets; sourceTree = "<group>"; };
		699EB3C4234DBA0D00CC2315 /* Info.plist */ = {isa = PBXFileReference; lastKnownFileType = text.plist.xml; path = Info.plist; sourceTree = "<group>"; };
		699EB3C5234DBA0D00CC2315 /* main.m */ = {isa = PBXFileReference; lastKnownFileType = sourcecode.c.objc; path = main.m; sourceTree = "<group>"; };
		699EB3C7234DBA0D00CC2315 /* cd_to.entitlements */ = {isa = PBXFileReference; lastKnownFileType = text.plist.entitlements; path = cd_to.entitlements; sourceTree = "<group>"; };
		699EB3D2234DBB0700CC2315 /* Finder.h */ = {isa = PBXFileReference; fileEncoding = 4; lastKnownFileType = sourcecode.c.h; path = Finder.h; sourceTree = "<group>"; };
		699EB3D3234DBB0700CC2315 /* Terminal.h */ = {isa = PBXFileReference; fileEncoding = 4; lastKnownFileType = sourcecode.c.h; path = Terminal.h; sourceTree = "<group>"; };
		699EB3D4234DC4D800CC2315 /* AppIcon.icns */ = {isa = PBXFileReference; lastKnownFileType = image.icns; path = AppIcon.icns; sourceTree = "<group>"; };
		699EB3D6234DBB0700CC2315 /* iTerm.h */ = {isa = PBXFileReference; fileEncoding = 4; lastKnownFileType = sourcecode.c.h; path = iTerm.h; sourceTree = "<group>"; };
/* End PBXFileReference section */

/* Begin PBXFrameworksBuildPhase section */
		699EB3B6234DBA0C00CC2315 /* Frameworks */ = {
			isa = PBXFrameworksBuildPhase;
			buildActionMask = 2147483647;
			files = (
			);
			runOnlyForDeploymentPostprocessing = 0;
		};
/* End PBXFrameworksBuildPhase section */

/* Begin PBXGroup section */
		699EB3B0234DBA0C00CC2315 = {
			isa = PBXGroup;
			children = (
				699EB3BB234DBA0C00CC2315 /* cd to ... */,
				699EB3BA234DBA0C00CC2315 /* Products */,
			);
			sourceTree = "<group>";
		};
		699EB3BA234DBA0C00CC2315 /* Products */ = {
			isa = PBXGroup;
			children = (
				699EB3B9234DBA0C00CC2315 /* cd to.app */,
			);
			name = Products;
			sourceTree = "<group>";
		};
		699EB3BB234DBA0C00CC2315 /* cd to ... */ = {
			isa = PBXGroup;
			children = (
				699EB3D4234DC4D800CC2315 /* AppIcon.icns */,
				699EB3D2234DBB0700CC2315 /* Finder.h */,
				699EB3D3234DBB0700CC2315 /* Terminal.h */,
				699EB3D6234DBB0700CC2315 /* iTerm.h */,
				699EB3BF234DBA0D00CC2315 /* Assets.xcassets */,
				699EB3C4234DBA0D00CC2315 /* Info.plist */,
				699EB3C5234DBA0D00CC2315 /* main.m */,
				699EB3C7234DBA0D00CC2315 /* cd_to.entitlements */,
			);
			path = "cd to ...";
			sourceTree = "<group>";
		};
/* End PBXGroup section */

/* Begin PBXNativeTarget section */
		699EB3B8234DBA0C00CC2315 /* cd to */ = {
			isa = PBXNativeTarget;
			buildConfigurationList = 699EB3CA234DBA0D00CC2315 /* Build configuration list for PBXNativeTarget "cd to" */;
			buildPhases = (
				699EB3B5234DBA0C00CC2315 /* Sources */,
				699EB3B6234DBA0C00CC2315 /* Frameworks */,
				699EB3B7234DBA0C00CC2315 /* Resources */,
			);
			buildRules = (
			);
			dependencies = (
			);
			name = "cd to";
			productName = "cd to ...";
			productReference = 699EB3B9234DBA0C00CC2315 /* cd to.app */;
			productType = "com.apple.product-type.application";
		};
/* End PBXNativeTarget section */

/* Begin PBXProject section */
		699EB3B1234DBA0C00CC2315 /* Project object */ = {
			isa = PBXProject;
			attributes = {
				LastUpgradeCheck = 1330;
				ORGANIZATIONNAME = "Jay Tuley";
				TargetAttributes = {
					699EB3B8234DBA0C00CC2315 = {
						CreatedOnToolsVersion = 11.1;
					};
				};
			};
			buildConfigurationList = 699EB3B4234DBA0C00CC2315 /* Build configuration list for PBXProject "cd to" */;
			compatibilityVersion = "Xcode 9.3";
			developmentRegion = en;
			hasScannedForEncodings = 0;
			knownRegions = (
				en,
				Base,
			);
			mainGroup = 699EB3B0234DBA0C00CC2315;
			productRefGroup = 699EB3BA234DBA0C00CC2315 /* Products */;
			projectDirPath = "";
			projectRoot = "";
			targets = (
				699EB3B8234DBA0C00CC2315 /* cd to */,
			);
		};
/* End PBXProject section */

/* Begin PBXResourcesBuildPhase section */
		699EB3B7234DBA0C00CC2315 /* Resources */ = {
			isa = PBXResourcesBuildPhase;
			buildActionMask = 2147483647;
			files = (
				699EB3C0234DBA0D00CC2315 /* Assets.xcassets in Resources */,
				699EB3D5234DC4D800CC2315 /* AppIcon.icns in Resources */,
			);
			runOnlyForDeploymentPostprocessing = 0;
		};
/* End PBXResourcesBuildPhase section */

/* Begin PBXSourcesBuildPhase section */
		699EB3B5234DBA0C00CC2315 /* Sources */ = {
			isa = PBXSourcesBuildPhase;
			buildActionMask = 2147483647;
			files = (
				699EB3C6234DBA0D00CC2315 /* main.m in Sources */,
			);
			runOnlyForDeploymentPostprocessing = 0;
		};
/* End PBXSourcesBuildPhase section */

/* Begin XCBuildConfiguration section */
		699EB3C8234DBA0D00CC2315 /* Debug */ = {
			isa = XCBuildConfiguration;
			buildSettings = {
				ALWAYS_SEARCH_USER_PATHS = NO;
				CLANG_ANALYZER_NONNULL = YES;
				CLANG_ANALYZER_NUMBER_OBJECT_CONVERSION = YES_AGGRESSIVE;
				CLANG_CXX_LANGUAGE_STANDARD = "gnu++14";
				CLANG_CXX_LIBRARY = "libc++";
				CLANG_ENABLE_MODULES = YES;
				CLANG_ENABLE_OBJC_ARC = YES;
				CLANG_ENABLE_OBJC_WEAK = YES;
				CLANG_WARN_BLOCK_CAPTURE_AUTORELEASING = YES;
				CLANG_WARN_BOOL_CONVERSION = YES;
				CLANG_WARN_COMMA = YES;
				CLANG_WARN_CONSTANT_CONVERSION = YES;
				CLANG_WARN_DEPRECATED_OBJC_IMPLEMENTATIONS = YES;
				CLANG_WARN_DIRECT_OBJC_ISA_USAGE = YES_ERROR;
				CLANG_WARN_DOCUMENTATION_COMMENTS = YES;
				CLANG_WARN_EMPTY_BODY = YES;
				CLANG_WARN_ENUM_CONVERSION = YES;
				CLANG_WARN_INFINITE_RECURSION = YES;
				CLANG_WARN_INT_CONVERSION = YES;
				CLANG_WARN_NON_LITERAL_NULL_CONVERSION = YES;
				CLANG_WARN_OBJC_IMPLICIT_RETAIN_SELF = YES;
				CLANG_WARN_OBJC_LITERAL_CONVERSION = YES;
				CLANG_WARN_OBJC_ROOT_CLASS = YES_ERROR;
				CLANG_WARN_QUOTED_INCLUDE_IN_FRAMEWORK_HEADER = YES;
				CLANG_WARN_RANGE_LOOP_ANALYSIS = YES;
				CLANG_WARN_STRICT_PROTOTYPES = YES;
				CLANG_WARN_SUSPICIOUS_MOVE = YES;
				CLANG_WARN_UNGUARDED_AVAILABILITY = YES_AGGRESSIVE;
				CLANG_WARN_UNREACHABLE_CODE = YES;
				CLANG_WARN__DUPLICATE_METHOD_MATCH = YES;
				COPY_PHASE_STRIP = NO;
				DEBUG_INFORMATION_FORMAT = dwarf;
				ENABLE_STRICT_OBJC_MSGSEND = YES;
				ENABLE_TESTABILITY = YES;
				GCC_C_LANGUAGE_STANDARD = gnu11;
				GCC_DYNAMIC_NO_PIC = NO;
				GCC_NO_COMMON_BLOCKS = YES;
				GCC_OPTIMIZATION_LEVEL = 0;
				GCC_PREPROCESSOR_DEFINITIONS = (
					"DEBUG=1",
					"$(inherited)",
				);
				GCC_WARN_64_TO_32_BIT_CONVERSION = YES;
				GCC_WARN_ABOUT_RETURN_TYPE = YES_ERROR;
				GCC_WARN_UNDECLARED_SELECTOR = YES;
				GCC_WARN_UNINITIALIZED_AUTOS = YES_AGGRESSIVE;
				GCC_WARN_UNUSED_FUNCTION = YES;
				GCC_WARN_UNUSED_VARIABLE = YES;
				MACOSX_DEPLOYMENT_TARGET = 12.0;
				MTL_ENABLE_DEBUG_INFO = INCLUDE_SOURCE;
				MTL_FAST_MATH = YES;
				ONLY_ACTIVE_ARCH = YES;
				SDKROOT = macosx;
			};
			name = Debug;
		};
		699EB3C9234DBA0D00CC2315 /* Release */ = {
			isa = XCBuildConfiguration;
			buildSettings = {
				ALWAYS_SEARCH_USER_PATHS = NO;
				CLANG_ANALYZER_NONNULL = YES;
				CLANG_ANALYZER_NUMBER_OBJECT_CONVERSION = YES_AGGRESSIVE;
				CLANG_CXX_LANGUAGE_STANDARD = "gnu++14";
				CLANG_CXX_LIBRARY = "libc++";
				CLANG_ENABLE_MODULES = YES;
				CLANG_ENABLE_OBJC_ARC = YES;
				CLANG_ENABLE_OBJC_WEAK = YES;
				CLANG_WARN_BLOCK_CAPTURE_AUTORELEASING = YES;
				CLANG_WARN_BOOL_CONVERSION = YES;
				CLANG_WARN_COMMA = YES;
				CLANG_WARN_CONSTANT_CONVERSION = YES;
				CLANG_WARN_DEPRECATED_OBJC_IMPLEMENTATIONS = YES;
				CLANG_WARN_DIRECT_OBJC_ISA_USAGE = YES_ERROR;
				CLANG_WARN_DOCUMENTATION_COMMENTS = YES;
				CLANG_WARN_EMPTY_BODY = YES;
				CLANG_WARN_ENUM_CONVERSION = YES;
				CLANG_WARN_INFINITE_RECURSION = YES;
				CLANG_WARN_INT_CONVERSION = YES;
				CLANG_WARN_NON_LITERAL_NULL_CONVERSION = YES;
				CLANG_WARN_OBJC_IMPLICIT_RETAIN_SELF = YES;
				CLANG_WARN_OBJC_LITERAL_CONVERSION = YES;
				CLANG_WARN_OBJC_ROOT_CLASS = YES_ERROR;
				CLANG_WARN_QUOTED_INCLUDE_IN_FRAMEWORK_HEADER = YES;
				CLANG_WARN_RANGE_LOOP_ANALYSIS = YES;
				CLANG_WARN_STRICT_PROTOTYPES = YES;
				CLANG_WARN_SUSPICIOUS_MOVE = YES;
				CLANG_WARN_UNGUARDED_AVAILABILITY = YES_AGGRESSIVE;
				CLANG_WARN_UNREACHABLE_CODE = YES;
				CLANG_WARN__DUPLICATE_METHOD_MATCH = YES;
				COPY_PHASE_STRIP = NO;
				DEBUG_INFORMATION_FORMAT = "dwarf-with-dsym";
				ENABLE_NS_ASSERTIONS = NO;
				ENABLE_STRICT_OBJC_MSGSEND = YES;
				GCC_C_LANGUAGE_STANDARD = gnu11;
				GCC_NO_COMMON_BLOCKS = YES;
				GCC_WARN_64_TO_32_BIT_CONVERSION = YES;
				GCC_WARN_ABOUT_RETURN_TYPE = YES_ERROR;
				GCC_WARN_UNDECLARED_SELECTOR = YES;
				GCC_WARN_UNINITIALIZED_AUTOS = YES_AGGRESSIVE;
				GCC_WARN_UNUSED_FUNCTION = YES;
				GCC_WARN_UNUSED_VARIABLE = YES;
				MACOSX_DEPLOYMENT_TARGET = 12.0;
				MTL_ENABLE_DEBUG_INFO = NO;
				MTL_FAST_MATH = YES;
				SDKROOT = macosx;
			};
			name = Release;
		};
		699EB3CB234DBA0D00CC2315 /* Debug */ = {
			isa = XCBuildConfiguration;
			buildSettings = {
				ASSETCATALOG_COMPILER_APPICON_NAME = AppIcon;
				CODE_SIGN_ENTITLEMENTS = "cd to .../cd_to.entitlements";
				CODE_SIGN_IDENTITY = "-";
				CODE_SIGN_STYLE = Automatic;
				COMBINE_HIDPI_IMAGES = YES;
				CURRENT_PROJECT_VERSION = 3;
				DEVELOPMENT_TEAM = VURRGRYW45;
				ENABLE_HARDENED_RUNTIME = YES;
				INFOPLIST_FILE = "cd to .../Info.plist";
				LD_RUNPATH_SEARCH_PATHS = (
					"$(inherited)",
					"@executable_path/../Frameworks",
				);
				MARKETING_VERSION = 3.1.3;
				PRODUCT_BUNDLE_IDENTIFIER = "name.tuley.jay.cd-to";
				PRODUCT_NAME = "$(TARGET_NAME)";
			};
			name = Debug;
		};
		699EB3CC234DBA0D00CC2315 /* Release */ = {
			isa = XCBuildConfiguration;
			buildSettings = {
				ASSETCATALOG_COMPILER_APPICON_NAME = AppIcon;
				CODE_SIGN_ENTITLEMENTS = "cd to .../cd_to.entitlements";
				CODE_SIGN_IDENTITY = "-";
				CODE_SIGN_STYLE = Automatic;
				COMBINE_HIDPI_IMAGES = YES;
				CURRENT_PROJECT_VERSION = 3;
				DEVELOPMENT_TEAM = VURRGRYW45;
				ENABLE_HARDENED_RUNTIME = YES;
				INFOPLIST_FILE = "cd to .../Info.plist";
				LD_RUNPATH_SEARCH_PATHS = (
					"$(inherited)",
					"@executable_path/../Frameworks",
				);
				MARKETING_VERSION = 3.1.3;
				PRODUCT_BUNDLE_IDENTIFIER = "name.tuley.jay.cd-to";
				PRODUCT_NAME = "$(TARGET_NAME)";
			};
			name = Release;
		};
/* End XCBuildConfiguration section */

/* Begin XCConfigurationList section */
		699EB3B4234DBA0C00CC2315 /* Build configuration list for PBXProject "cd to" */ = {
			isa = XCConfigurationList;
			buildConfigurations = (
				699EB3C8234DBA0D00CC2315 /* Debug */,
				699EB3C9234DBA0D00CC2315 /* Release */,
			);
			defaultConfigurationIsVisible = 0;
			defaultConfigurationName = Release;
		};
		699EB3CA234DBA0D00CC2315 /* Build configuration list for PBXNativeTarget "cd to" */ = {
			isa = XCConfigurationList;
			buildConfigurations = (
				699EB3CB234DBA0D00CC2315 /* Debug */,
				699EB3CC234DBA0D00CC2315 /* Release */,
			);
			defaultConfigurationIsVisible = 0;
			defaultConfigurationName = Release;
		};
/* End XCConfigurationList section */
	};
	rootObject = 699EB3B1234DBA0C00CC2315 /* Project object */;
}
