// !$*UTF8*$!
{
	archiveVersion = 1;
	classes = {
	};
	objectVersion = 46;
	objects = {

/* Begin PBXAggregateTarget section */
		69968DB2183859F400FB4A35 /* cd to all */ = {
			isa = PBXAggregateTarget;
			buildConfigurationList = 69968DB5183859F400FB4A35 /* Build configuration list for PBXAggregateTarget "cd to all" */;
			buildPhases = (
				69968DBE18385A2C00FB4A35 /* Terminal */,
				69968DC018385B3300FB4A35 /* Terminal Plugin */,
				69968DC218385C1A00FB4A35 /* iTerm */,
				69968DC418385C5700FB4A35 /* iTerm Plugin */,
				69968DC618385CCB00FB4A35 /* X11 xterm */,
				69968DC818385D2B00FB4A35 /* X11 xterm Plugin */,
				69E2DFCC18386A4900B7DEA3 /* Sign apps */,
			);
			dependencies = (
				69E2DFD618387DE700B7DEA3 /* PBXTargetDependency */,
				69968DB918385A0500FB4A35 /* PBXTargetDependency */,
				69968DBB18385A0500FB4A35 /* PBXTargetDependency */,
				69968DBD18385A0500FB4A35 /* PBXTargetDependency */,
			);
			name = "cd to all";
			productName = "cd to all";
		};
/* End PBXAggregateTarget section */

/* Begin PBXBuildFile section */
		69449AD20B8909A500A19631 /* CD2PluginProtocolV1.h in CopyFiles */ = {isa = PBXBuildFile; fileRef = 69449AD10B8909A400A19631 /* CD2PluginProtocolV1.h */; };
		6947E8C713DA6362008C982D /* lion.icns in Resources */ = {isa = PBXBuildFile; fileRef = 6947E8C613DA6362008C982D /* lion.icns */; };
		6963D7FD1835ED290039592E /* LICENSE.md in Resources */ = {isa = PBXBuildFile; fileRef = 6963D7FC1835ED290039592E /* LICENSE.md */; };
		69968DC118385B4C00FB4A35 /* terminal.bundle in Terminal Plugin */ = {isa = PBXBuildFile; fileRef = 69449AA50B89080600A19631 /* terminal.bundle */; };
		69968DC318385C2C00FB4A35 /* cd to.app in iTerm */ = {isa = PBXBuildFile; fileRef = 8D1107320486CEB800E47090 /* cd to.app */; };
		69968DC518385C8800FB4A35 /* iterm.bundle in iTerm Plugin */ = {isa = PBXBuildFile; fileRef = 69449D880B894DBF00A19631 /* iterm.bundle */; };
		69968DC718385CFC00FB4A35 /* cd to.app in X11 xterm */ = {isa = PBXBuildFile; fileRef = 8D1107320486CEB800E47090 /* cd to.app */; };
		69968DC918385D4A00FB4A35 /* X11_xterm.bundle in X11 xterm Plugin */ = {isa = PBXBuildFile; fileRef = 69449C110B892D0B00A19631 /* X11_xterm.bundle */; };
		69C8A98E106E818900C4DE0D /* ScriptingBridge.framework in Frameworks */ = {isa = PBXBuildFile; fileRef = 69C8A98D106E818900C4DE0D /* ScriptingBridge.framework */; };
		69C8AA71106E8F5800C4DE0D /* Finder.app in Resources */ = {isa = PBXBuildFile; fileRef = 69C8AA70106E8F5800C4DE0D /* Finder.app */; };
		69C8AA89106EE02F00C4DE0D /* Finder.app in Sources */ = {isa = PBXBuildFile; fileRef = 69C8AA70106E8F5800C4DE0D /* Finder.app */; };
		69E2DFD718387F4500B7DEA3 /* cd to.app in Terminal */ = {isa = PBXBuildFile; fileRef = 8D1107320486CEB800E47090 /* cd to.app */; };
		8D11072B0486CEB800E47090 /* InfoPlist.strings in Resources */ = {isa = PBXBuildFile; fileRef = 089C165CFE840E0CC02AAC07 /* InfoPlist.strings */; };
		8D11072D0486CEB800E47090 /* main.m in Sources */ = {isa = PBXBuildFile; fileRef = 29B97316FDCFA39411CA2CEA /* main.m */; settings = {ATTRIBUTES = (); }; };
		8D11072F0486CEB800E47090 /* Cocoa.framework in Frameworks */ = {isa = PBXBuildFile; fileRef = 1058C7A1FEA54F0111CA2CBB /* Cocoa.framework */; };
/* End PBXBuildFile section */

/* Begin PBXBuildRule section */
		69C8AA6F106E8F0C00C4DE0D /* PBXBuildRule */ = {
			isa = PBXBuildRule;
			compilerSpec = com.apple.compilers.proxy.script;
			filePatterns = "*.app";
			fileType = pattern.proxy;
			isEditable = 1;
			outputFiles = (
				"$(DERIVED_FILES_DIR)/$(INPUT_FILE_BASE).h",
			);
			script = "sdef \"$INPUT_FILE_PATH\" | sdp -fh -o \"$DERIVED_FILES_DIR\" --basename \"$INPUT_FILE_BASE\" --bundleid `defaults read \"$INPUT_FILE_PATH/Contents/Info\" CFBundleIdentifier`";
		};
/* End PBXBuildRule section */

/* Begin PBXContainerItemProxy section */
		69449AA40B89080600A19631 /* PBXContainerItemProxy */ = {
			isa = PBXContainerItemProxy;
			containerPortal = 69449A9C0B89080600A19631 /* terminal.xcodeproj */;
			proxyType = 2;
			remoteGlobalIDString = 8D5B49B6048680CD000E48DA;
			remoteInfo = terminal;
		};
		69449C100B892D0B00A19631 /* PBXContainerItemProxy */ = {
			isa = PBXContainerItemProxy;
			containerPortal = 69449C090B892D0B00A19631 /* X11_xterm.xcodeproj */;
			proxyType = 2;
			remoteGlobalIDString = 8D5B49B6048680CD000E48DA;
			remoteInfo = X11_xterm;
		};
		69449D870B894DBF00A19631 /* PBXContainerItemProxy */ = {
			isa = PBXContainerItemProxy;
			containerPortal = 69449D830B894DBF00A19631 /* iterm.xcodeproj */;
			proxyType = 2;
			remoteGlobalIDString = 8D5B49B6048680CD000E48DA;
			remoteInfo = iterm;
		};
		69968DB818385A0500FB4A35 /* PBXContainerItemProxy */ = {
			isa = PBXContainerItemProxy;
			containerPortal = 69449A9C0B89080600A19631 /* terminal.xcodeproj */;
			proxyType = 1;
			remoteGlobalIDString = 8D5B49AC048680CD000E48DA;
			remoteInfo = terminal;
		};
		69968DBA18385A0500FB4A35 /* PBXContainerItemProxy */ = {
			isa = PBXContainerItemProxy;
			containerPortal = 69449C090B892D0B00A19631 /* X11_xterm.xcodeproj */;
			proxyType = 1;
			remoteGlobalIDString = 8D5B49AC048680CD000E48DA;
			remoteInfo = X11_xterm;
		};
		69968DBC18385A0500FB4A35 /* PBXContainerItemProxy */ = {
			isa = PBXContainerItemProxy;
			containerPortal = 69449D830B894DBF00A19631 /* iterm.xcodeproj */;
			proxyType = 1;
			remoteGlobalIDString = 8D5B49AC048680CD000E48DA;
			remoteInfo = iterm;
		};
		69E2DFD518387DE700B7DEA3 /* PBXContainerItemProxy */ = {
			isa = PBXContainerItemProxy;
			containerPortal = 29B97313FDCFA39411CA2CEA /* Project object */;
			proxyType = 1;
			remoteGlobalIDString = 8D1107260486CEB800E47090;
			remoteInfo = ">cd to ...";
		};
/* End PBXContainerItemProxy section */

/* Begin PBXCopyFilesBuildPhase section */
		694495D00B869BB500A19631 /* CopyFiles */ = {
			isa = PBXCopyFilesBuildPhase;
			buildActionMask = 2147483647;
			dstPath = "";
			dstSubfolderSpec = 7;
			files = (
				69449AD20B8909A500A19631 /* CD2PluginProtocolV1.h in CopyFiles */,
			);
			runOnlyForDeploymentPostprocessing = 0;
		};
		69968DBE18385A2C00FB4A35 /* Terminal */ = {
			isa = PBXCopyFilesBuildPhase;
			buildActionMask = 12;
			dstPath = terminal;
			dstSubfolderSpec = 16;
			files = (
				69E2DFD718387F4500B7DEA3 /* cd to.app in Terminal */,
			);
			name = Terminal;
			runOnlyForDeploymentPostprocessing = 0;
		};
		69968DC018385B3300FB4A35 /* Terminal Plugin */ = {
			isa = PBXCopyFilesBuildPhase;
			buildActionMask = 2147483647;
			dstPath = "terminal/cd to.app/Contents/PlugIns";
			dstSubfolderSpec = 16;
			files = (
				69968DC118385B4C00FB4A35 /* terminal.bundle in Terminal Plugin */,
			);
			name = "Terminal Plugin";
			runOnlyForDeploymentPostprocessing = 0;
		};
		69968DC218385C1A00FB4A35 /* iTerm */ = {
			isa = PBXCopyFilesBuildPhase;
			buildActionMask = 2147483647;
			dstPath = iterm;
			dstSubfolderSpec = 16;
			files = (
				69968DC318385C2C00FB4A35 /* cd to.app in iTerm */,
			);
			name = iTerm;
			runOnlyForDeploymentPostprocessing = 0;
		};
		69968DC418385C5700FB4A35 /* iTerm Plugin */ = {
			isa = PBXCopyFilesBuildPhase;
			buildActionMask = 2147483647;
			dstPath = "iterm/cd to.app/Contents/PlugIns";
			dstSubfolderSpec = 16;
			files = (
				69968DC518385C8800FB4A35 /* iterm.bundle in iTerm Plugin */,
			);
			name = "iTerm Plugin";
			runOnlyForDeploymentPostprocessing = 0;
		};
		69968DC618385CCB00FB4A35 /* X11 xterm */ = {
			isa = PBXCopyFilesBuildPhase;
			buildActionMask = 2147483647;
			dstPath = x11_xterm;
			dstSubfolderSpec = 16;
			files = (
				69968DC718385CFC00FB4A35 /* cd to.app in X11 xterm */,
			);
			name = "X11 xterm";
			runOnlyForDeploymentPostprocessing = 0;
		};
		69968DC818385D2B00FB4A35 /* X11 xterm Plugin */ = {
			isa = PBXCopyFilesBuildPhase;
			buildActionMask = 2147483647;
			dstPath = "x11_xterm/cd to.app/Contents/PlugIns";
			dstSubfolderSpec = 16;
			files = (
				69968DC918385D4A00FB4A35 /* X11_xterm.bundle in X11 xterm Plugin */,
			);
			name = "X11 xterm Plugin";
			runOnlyForDeploymentPostprocessing = 0;
		};
/* End PBXCopyFilesBuildPhase section */

/* Begin PBXFileReference section */
		089C165DFE840E0CC02AAC07 /* English */ = {isa = PBXFileReference; fileEncoding = 10; lastKnownFileType = text.plist.strings; name = English; path = English.lproj/InfoPlist.strings; sourceTree = "<group>"; };
		1058C7A1FEA54F0111CA2CBB /* Cocoa.framework */ = {isa = PBXFileReference; lastKnownFileType = wrapper.framework; name = Cocoa.framework; path = /System/Library/Frameworks/Cocoa.framework; sourceTree = "<absolute>"; };
		13E42FB307B3F0F600E4EEF1 /* CoreData.framework */ = {isa = PBXFileReference; lastKnownFileType = wrapper.framework; name = CoreData.framework; path = /System/Library/Frameworks/CoreData.framework; sourceTree = "<absolute>"; };
		29B97316FDCFA39411CA2CEA /* main.m */ = {isa = PBXFileReference; fileEncoding = 4; lastKnownFileType = sourcecode.c.objc; path = main.m; sourceTree = "<group>"; };
		29B97324FDCFA39411CA2CEA /* AppKit.framework */ = {isa = PBXFileReference; lastKnownFileType = wrapper.framework; name = AppKit.framework; path = /System/Library/Frameworks/AppKit.framework; sourceTree = "<absolute>"; };
		29B97325FDCFA39411CA2CEA /* Foundation.framework */ = {isa = PBXFileReference; lastKnownFileType = wrapper.framework; name = Foundation.framework; path = /System/Library/Frameworks/Foundation.framework; sourceTree = "<absolute>"; };
		32CA4F630368D1EE00C91783 /* cd to ..._Prefix.pch */ = {isa = PBXFileReference; fileEncoding = 4; lastKnownFileType = sourcecode.c.h; path = "cd to ..._Prefix.pch"; sourceTree = "<group>"; };
		69449A9C0B89080600A19631 /* terminal.xcodeproj */ = {isa = PBXFileReference; lastKnownFileType = "wrapper.pb-project"; name = terminal.xcodeproj; path = plugins/terminal/terminal.xcodeproj; sourceTree = "<group>"; };
		69449AD10B8909A400A19631 /* CD2PluginProtocolV1.h */ = {isa = PBXFileReference; fileEncoding = 4; lastKnownFileType = sourcecode.c.h; name = CD2PluginProtocolV1.h; path = plugins/CD2PluginProtocolV1.h; sourceTree = "<group>"; };
		69449C090B892D0B00A19631 /* X11_xterm.xcodeproj */ = {isa = PBXFileReference; lastKnownFileType = "wrapper.pb-project"; name = X11_xterm.xcodeproj; path = plugins/X11_xterm/X11_xterm.xcodeproj; sourceTree = "<group>"; };
		69449D830B894DBF00A19631 /* iterm.xcodeproj */ = {isa = PBXFileReference; lastKnownFileType = "wrapper.pb-project"; name = iterm.xcodeproj; path = plugins/iterm/iterm.xcodeproj; sourceTree = "<group>"; };
		6947E8C613DA6362008C982D /* lion.icns */ = {isa = PBXFileReference; lastKnownFileType = image.icns; path = lion.icns; sourceTree = "<group>"; };
		6963D7FC1835ED290039592E /* LICENSE.md */ = {isa = PBXFileReference; fileEncoding = 4; lastKnownFileType = text; path = LICENSE.md; sourceTree = "<group>"; };
		69C8A98D106E818900C4DE0D /* ScriptingBridge.framework */ = {isa = PBXFileReference; lastKnownFileType = wrapper.framework; name = ScriptingBridge.framework; path = /System/Library/Frameworks/ScriptingBridge.framework; sourceTree = "<absolute>"; };
		69C8AA70106E8F5800C4DE0D /* Finder.app */ = {isa = PBXFileReference; lastKnownFileType = wrapper.application; name = Finder.app; path = /System/Library/CoreServices/Finder.app; sourceTree = "<absolute>"; };
		8D1107310486CEB800E47090 /* Info.plist */ = {isa = PBXFileReference; fileEncoding = 4; lastKnownFileType = text.plist; path = Info.plist; sourceTree = "<group>"; };
		8D1107320486CEB800E47090 /* cd to.app */ = {isa = PBXFileReference; explicitFileType = wrapper.application; includeInIndex = 0; path = "cd to.app"; sourceTree = BUILT_PRODUCTS_DIR; };
/* End PBXFileReference section */

/* Begin PBXFrameworksBuildPhase section */
		8D11072E0486CEB800E47090 /* Frameworks */ = {
			isa = PBXFrameworksBuildPhase;
			buildActionMask = 2147483647;
			files = (
				8D11072F0486CEB800E47090 /* Cocoa.framework in Frameworks */,
				69C8A98E106E818900C4DE0D /* ScriptingBridge.framework in Frameworks */,
			);
			runOnlyForDeploymentPostprocessing = 0;
		};
/* End PBXFrameworksBuildPhase section */

/* Begin PBXGroup section */
		080E96DDFE201D6D7F000001 /* Classes */ = {
			isa = PBXGroup;
			children = (
			);
			name = Classes;
			sourceTree = "<group>";
		};
		1058C7A0FEA54F0111CA2CBB /* Linked Frameworks */ = {
			isa = PBXGroup;
			children = (
				1058C7A1FEA54F0111CA2CBB /* Cocoa.framework */,
				69C8A98D106E818900C4DE0D /* ScriptingBridge.framework */,
			);
			name = "Linked Frameworks";
			sourceTree = "<group>";
		};
		1058C7A2FEA54F0111CA2CBB /* Other Frameworks */ = {
			isa = PBXGroup;
			children = (
				29B97324FDCFA39411CA2CEA /* AppKit.framework */,
				13E42FB307B3F0F600E4EEF1 /* CoreData.framework */,
				29B97325FDCFA39411CA2CEA /* Foundation.framework */,
			);
			name = "Other Frameworks";
			sourceTree = "<group>";
		};
		19C28FACFE9D520D11CA2CBB /* Products */ = {
			isa = PBXGroup;
			children = (
				8D1107320486CEB800E47090 /* cd to.app */,
			);
			name = Products;
			sourceTree = "<group>";
		};
		29B97314FDCFA39411CA2CEA /* cd to ... */ = {
			isa = PBXGroup;
			children = (
				69C8AA70106E8F5800C4DE0D /* Finder.app */,
				69449AD50B8909AB00A19631 /* plugin */,
				694495BE0B869B3B00A19631 /* external projects */,
				080E96DDFE201D6D7F000001 /* Classes */,
				29B97315FDCFA39411CA2CEA /* Other Sources */,
				29B97317FDCFA39411CA2CEA /* Resources */,
				29B97323FDCFA39411CA2CEA /* Frameworks */,
				19C28FACFE9D520D11CA2CBB /* Products */,
			);
			name = "cd to ...";
			sourceTree = "<group>";
		};
		29B97315FDCFA39411CA2CEA /* Other Sources */ = {
			isa = PBXGroup;
			children = (
				32CA4F630368D1EE00C91783 /* cd to ..._Prefix.pch */,
				29B97316FDCFA39411CA2CEA /* main.m */,
			);
			name = "Other Sources";
			sourceTree = "<group>";
		};
		29B97317FDCFA39411CA2CEA /* Resources */ = {
			isa = PBXGroup;
			children = (
				6963D7FC1835ED290039592E /* LICENSE.md */,
				6947E8C613DA6362008C982D /* lion.icns */,
				8D1107310486CEB800E47090 /* Info.plist */,
				089C165CFE840E0CC02AAC07 /* InfoPlist.strings */,
			);
			name = Resources;
			sourceTree = "<group>";
		};
		29B97323FDCFA39411CA2CEA /* Frameworks */ = {
			isa = PBXGroup;
			children = (
				1058C7A0FEA54F0111CA2CBB /* Linked Frameworks */,
				1058C7A2FEA54F0111CA2CBB /* Other Frameworks */,
			);
			name = Frameworks;
			sourceTree = "<group>";
		};
		694495BE0B869B3B00A19631 /* external projects */ = {
			isa = PBXGroup;
			children = (
				69449A9C0B89080600A19631 /* terminal.xcodeproj */,
				69449C090B892D0B00A19631 /* X11_xterm.xcodeproj */,
				69449D830B894DBF00A19631 /* iterm.xcodeproj */,
			);
			name = "external projects";
			sourceTree = "<group>";
		};
		69449A9D0B89080600A19631 /* Products */ = {
			isa = PBXGroup;
			children = (
				69449AA50B89080600A19631 /* terminal.bundle */,
			);
			name = Products;
			sourceTree = "<group>";
		};
		69449AD50B8909AB00A19631 /* plugin */ = {
			isa = PBXGroup;
			children = (
				69449AD10B8909A400A19631 /* CD2PluginProtocolV1.h */,
			);
			name = plugin;
			sourceTree = "<group>";
		};
		69449C0A0B892D0B00A19631 /* Products */ = {
			isa = PBXGroup;
			children = (
				69449C110B892D0B00A19631 /* X11_xterm.bundle */,
			);
			name = Products;
			sourceTree = "<group>";
		};
		69449D840B894DBF00A19631 /* Products */ = {
			isa = PBXGroup;
			children = (
				69449D880B894DBF00A19631 /* iterm.bundle */,
			);
			name = Products;
			sourceTree = "<group>";
		};
/* End PBXGroup section */

/* Begin PBXNativeTarget section */
		8D1107260486CEB800E47090 /* cd to */ = {
			isa = PBXNativeTarget;
			buildConfigurationList = C01FCF4A08A954540054247B /* Build configuration list for PBXNativeTarget "cd to" */;
			buildPhases = (
				8D1107290486CEB800E47090 /* Resources */,
				8D11072C0486CEB800E47090 /* Sources */,
				8D11072E0486CEB800E47090 /* Frameworks */,
				694495D00B869BB500A19631 /* CopyFiles */,
			);
			buildRules = (
				69C8AA6F106E8F0C00C4DE0D /* PBXBuildRule */,
			);
			dependencies = (
			);
			name = "cd to";
			productInstallPath = "$(HOME)/Applications";
			productName = "cd to ...";
			productReference = 8D1107320486CEB800E47090 /* cd to.app */;
			productType = "com.apple.product-type.application";
		};
/* End PBXNativeTarget section */

/* Begin PBXProject section */
		29B97313FDCFA39411CA2CEA /* Project object */ = {
			isa = PBXProject;
			attributes = {
				LastUpgradeCheck = 0500;
				TargetAttributes = {
					8D1107260486CEB800E47090 = {
						DevelopmentTeam = VURRGRYW45;
					};
				};
			};
			buildConfigurationList = C01FCF4E08A954540054247B /* Build configuration list for PBXProject "cd to ..." */;
			compatibilityVersion = "Xcode 3.2";
			developmentRegion = English;
			hasScannedForEncodings = 1;
			knownRegions = (
				en,
			);
			mainGroup = 29B97314FDCFA39411CA2CEA /* cd to ... */;
			projectDirPath = "";
			projectReferences = (
				{
					ProductGroup = 69449D840B894DBF00A19631 /* Products */;
					ProjectRef = 69449D830B894DBF00A19631 /* iterm.xcodeproj */;
				},
				{
					ProductGroup = 69449A9D0B89080600A19631 /* Products */;
					ProjectRef = 69449A9C0B89080600A19631 /* terminal.xcodeproj */;
				},
				{
					ProductGroup = 69449C0A0B892D0B00A19631 /* Products */;
					ProjectRef = 69449C090B892D0B00A19631 /* X11_xterm.xcodeproj */;
				},
			);
			projectRoot = "";
			targets = (
				8D1107260486CEB800E47090 /* cd to */,
				69968DB2183859F400FB4A35 /* cd to all */,
			);
		};
/* End PBXProject section */

/* Begin PBXReferenceProxy section */
		69449AA50B89080600A19631 /* terminal.bundle */ = {
			isa = PBXReferenceProxy;
			fileType = wrapper.cfbundle;
			path = terminal.bundle;
			remoteRef = 69449AA40B89080600A19631 /* PBXContainerItemProxy */;
			sourceTree = BUILT_PRODUCTS_DIR;
		};
		69449C110B892D0B00A19631 /* X11_xterm.bundle */ = {
			isa = PBXReferenceProxy;
			fileType = wrapper.cfbundle;
			path = X11_xterm.bundle;
			remoteRef = 69449C100B892D0B00A19631 /* PBXContainerItemProxy */;
			sourceTree = BUILT_PRODUCTS_DIR;
		};
		69449D880B894DBF00A19631 /* iterm.bundle */ = {
			isa = PBXReferenceProxy;
			fileType = wrapper.cfbundle;
			path = iterm.bundle;
			remoteRef = 69449D870B894DBF00A19631 /* PBXContainerItemProxy */;
			sourceTree = BUILT_PRODUCTS_DIR;
		};
/* End PBXReferenceProxy section */

/* Begin PBXResourcesBuildPhase section */
		8D1107290486CEB800E47090 /* Resources */ = {
			isa = PBXResourcesBuildPhase;
			buildActionMask = 2147483647;
			files = (
				6963D7FD1835ED290039592E /* LICENSE.md in Resources */,
				8D11072B0486CEB800E47090 /* InfoPlist.strings in Resources */,
				69C8AA71106E8F5800C4DE0D /* Finder.app in Resources */,
				6947E8C713DA6362008C982D /* lion.icns in Resources */,
			);
			runOnlyForDeploymentPostprocessing = 0;
		};
/* End PBXResourcesBuildPhase section */

/* Begin PBXShellScriptBuildPhase section */
		69E2DFCC18386A4900B7DEA3 /* Sign apps */ = {
			isa = PBXShellScriptBuildPhase;
			buildActionMask = 8;
			files = (
			);
			inputPaths = (
			);
			name = "Sign apps";
			outputPaths = (
				"$(CONFIGURATION_BUILD_DIR)/terminal/cd to.app",
				"$(CONFIGURATION_BUILD_DIR)/iterm/cd to.app",
				"$(CONFIGURATION_BUILD_DIR)/x11_xterm/cd to.app",
			);
			runOnlyForDeploymentPostprocessing = 1;
			shellPath = /bin/sh;
			shellScript = "echo \"sign $CONFIGURATION_BUILD_DIR/terminal/cd to.app\"\necho \"sign $CONFIGURATION_BUILD_DIR/iterm/cd to.app\"\necho \"sign $CONFIGURATION_BUILD_DIR/x11_xterm/cd to.app\"\n\ncodesign -s \"Developer ID Application: James Tuley (VURRGRYW45)\" \"$CONFIGURATION_BUILD_DIR/terminal/cd to.app\" \"$CONFIGURATION_BUILD_DIR/iterm/cd to.app\" \"$CONFIGURATION_BUILD_DIR/x11_xterm/cd to.app\"\n\nmkdir -p \"$TARGET_BUILD_DIR\"\nmv \"$CONFIGURATION_BUILD_DIR/terminal\" \"$TARGET_BUILD_DIR/terminal\"\nmv \"$CONFIGURATION_BUILD_DIR/iterm\" \"$TARGET_BUILD_DIR/iterm\"\nmv \"$CONFIGURATION_BUILD_DIR/x11_xterm\" \"$TARGET_BUILD_DIR/x11_xterm\"\n\n";
			showEnvVarsInLog = 0;
		};
/* End PBXShellScriptBuildPhase section */

/* Begin PBXSourcesBuildPhase section */
		8D11072C0486CEB800E47090 /* Sources */ = {
			isa = PBXSourcesBuildPhase;
			buildActionMask = 2147483647;
			files = (
				69C8AA89106EE02F00C4DE0D /* Finder.app in Sources */,
				8D11072D0486CEB800E47090 /* main.m in Sources */,
			);
			runOnlyForDeploymentPostprocessing = 0;
		};
/* End PBXSourcesBuildPhase section */

/* Begin PBXTargetDependency section */
		69968DB918385A0500FB4A35 /* PBXTargetDependency */ = {
			isa = PBXTargetDependency;
			name = terminal;
			targetProxy = 69968DB818385A0500FB4A35 /* PBXContainerItemProxy */;
		};
		69968DBB18385A0500FB4A35 /* PBXTargetDependency */ = {
			isa = PBXTargetDependency;
			name = X11_xterm;
			targetProxy = 69968DBA18385A0500FB4A35 /* PBXContainerItemProxy */;
		};
		69968DBD18385A0500FB4A35 /* PBXTargetDependency */ = {
			isa = PBXTargetDependency;
			name = iterm;
			targetProxy = 69968DBC18385A0500FB4A35 /* PBXContainerItemProxy */;
		};
		69E2DFD618387DE700B7DEA3 /* PBXTargetDependency */ = {
			isa = PBXTargetDependency;
			target = 8D1107260486CEB800E47090 /* cd to */;
			targetProxy = 69E2DFD518387DE700B7DEA3 /* PBXContainerItemProxy */;
		};
/* End PBXTargetDependency section */

/* Begin PBXVariantGroup section */
		089C165CFE840E0CC02AAC07 /* InfoPlist.strings */ = {
			isa = PBXVariantGroup;
			children = (
				089C165DFE840E0CC02AAC07 /* English */,
			);
			name = InfoPlist.strings;
			sourceTree = "<group>";
		};
/* End PBXVariantGroup section */

/* Begin XCBuildConfiguration section */
		69968DB3183859F400FB4A35 /* Debug */ = {
			isa = XCBuildConfiguration;
			buildSettings = {
				CODE_SIGN_IDENTITY = "";
				INSTALL_PATH = /;
				PRODUCT_NAME = "$(TARGET_NAME)";
			};
			name = Debug;
		};
		69968DB4183859F400FB4A35 /* Release */ = {
			isa = XCBuildConfiguration;
			buildSettings = {
				CODE_SIGN_IDENTITY = "";
				INSTALL_PATH = /;
				PRODUCT_NAME = "$(TARGET_NAME)";
			};
			name = Release;
		};
		C01FCF4B08A954540054247B /* Debug */ = {
			isa = XCBuildConfiguration;
			buildSettings = {
				CODE_SIGN_IDENTITY = "";
				"CODE_SIGN_IDENTITY[sdk=macosx*]" = "";
				COMBINE_HIDPI_IMAGES = YES;
				COPY_PHASE_STRIP = NO;
				GCC_DYNAMIC_NO_PIC = NO;
				GCC_ENABLE_OBJC_EXCEPTIONS = YES;
				GCC_OPTIMIZATION_LEVEL = 0;
				GCC_VERSION = "";
				INFOPLIST_FILE = Info.plist;
				INSTALL_PATH = /unsigned;
				MACOSX_DEPLOYMENT_TARGET = 10.8;
				OTHER_CODE_SIGN_FLAGS = "";
				PRODUCT_NAME = "cd to";
				PROVISIONING_PROFILE = "";
				WRAPPER_EXTENSION = app;
			};
			name = Debug;
		};
		C01FCF4C08A954540054247B /* Release */ = {
			isa = XCBuildConfiguration;
			buildSettings = {
				CODE_SIGN_IDENTITY = "";
				"CODE_SIGN_IDENTITY[sdk=macosx*]" = "";
				COMBINE_HIDPI_IMAGES = YES;
				GCC_ENABLE_OBJC_EXCEPTIONS = YES;
				GCC_GENERATE_DEBUGGING_SYMBOLS = NO;
				GCC_VERSION = "";
				INFOPLIST_FILE = Info.plist;
				INSTALL_PATH = /unsigned;
				MACOSX_DEPLOYMENT_TARGET = 10.8;
				OTHER_CODE_SIGN_FLAGS = "";
				PRODUCT_NAME = "cd to";
				PROVISIONING_PROFILE = "";
				WRAPPER_EXTENSION = app;
			};
			name = Release;
		};
		C01FCF4F08A954540054247B /* Debug */ = {
			isa = XCBuildConfiguration;
			buildSettings = {
				GCC_WARN_ABOUT_RETURN_TYPE = YES;
				GCC_WARN_UNUSED_VARIABLE = YES;
				INSTALL_PATH = "";
				MACOSX_DEPLOYMENT_TARGET = 10.8;
				ONLY_ACTIVE_ARCH = YES;
				SDKROOT = macosx;
			};
			name = Debug;
		};
		C01FCF5008A954540054247B /* Release */ = {
			isa = XCBuildConfiguration;
			buildSettings = {
				GCC_WARN_ABOUT_RETURN_TYPE = YES;
				GCC_WARN_UNUSED_VARIABLE = YES;
				INSTALL_PATH = "";
				MACOSX_DEPLOYMENT_TARGET = 10.8;
				SDKROOT = macosx;
			};
			name = Release;
		};
/* End XCBuildConfiguration section */

/* Begin XCConfigurationList section */
		69968DB5183859F400FB4A35 /* Build configuration list for PBXAggregateTarget "cd to all" */ = {
			isa = XCConfigurationList;
			buildConfigurations = (
				69968DB3183859F400FB4A35 /* Debug */,
				69968DB4183859F400FB4A35 /* Release */,
			);
			defaultConfigurationIsVisible = 0;
			defaultConfigurationName = Release;
		};
		C01FCF4A08A954540054247B /* Build configuration list for PBXNativeTarget "cd to" */ = {
			isa = XCConfigurationList;
			buildConfigurations = (
				C01FCF4B08A954540054247B /* Debug */,
				C01FCF4C08A954540054247B /* Release */,
			);
			defaultConfigurationIsVisible = 0;
			defaultConfigurationName = Release;
		};
		C01FCF4E08A954540054247B /* Build configuration list for PBXProject "cd to ..." */ = {
			isa = XCConfigurationList;
			buildConfigurations = (
				C01FCF4F08A954540054247B /* Debug */,
				C01FCF5008A954540054247B /* Release */,
			);
			defaultConfigurationIsVisible = 0;
			defaultConfigurationName = Release;
		};
/* End XCConfigurationList section */
	};
	rootObject = 29B97313FDCFA39411CA2CEA /* Project object */;
}
