// !$*UTF8*$!
{
	archiveVersion = 1;
	classes = {
	};
	objectVersion = 42;
	objects = {

/* Begin PBXBuildFile section */
		694495D40B869BCC00A19631 /* Appscript.framework in CopyFiles */ = {isa = PBXBuildFile; fileRef = 694495CA0B869B9700A19631 /* Appscript.framework */; };
		694495D50B869BD700A19631 /* Appscript.framework in Frameworks */ = {isa = PBXBuildFile; fileRef = 694495CA0B869B9700A19631 /* Appscript.framework */; };
		694496320B86A0E500A19631 /* FNApplicationGlue.m in Sources */ = {isa = PBXBuildFile; fileRef = 694496270B86A0E500A19631 /* FNApplicationGlue.m */; };
		694496340B86A0E500A19631 /* FNCommandGlue.m in Sources */ = {isa = PBXBuildFile; fileRef = 694496290B86A0E500A19631 /* FNCommandGlue.m */; };
		694496360B86A0E500A19631 /* FNConstantGlue.m in Sources */ = {isa = PBXBuildFile; fileRef = 6944962B0B86A0E500A19631 /* FNConstantGlue.m */; };
		694496390B86A0E500A19631 /* FNReferenceGlue.m in Sources */ = {isa = PBXBuildFile; fileRef = 6944962E0B86A0E500A19631 /* FNReferenceGlue.m */; };
		6944963B0B86A0E500A19631 /* FNReferenceRendererGlue.m in Sources */ = {isa = PBXBuildFile; fileRef = 694496300B86A0E500A19631 /* FNReferenceRendererGlue.m */; };
		694498880B86C47700A19631 /* app.icns in Resources */ = {isa = PBXBuildFile; fileRef = 694498870B86C47700A19631 /* app.icns */; };
		694499470B86CEFC00A19631 /* LICENSE in Resources */ = {isa = PBXBuildFile; fileRef = 694499460B86CEFC00A19631 /* LICENSE */; };
		69449AB10B89083200A19631 /* terminal.bundle in CopyFiles */ = {isa = PBXBuildFile; fileRef = 69449AA50B89080600A19631 /* terminal.bundle */; };
		69449AD20B8909A500A19631 /* CD2PluginProtocolV1.h in CopyFiles */ = {isa = PBXBuildFile; fileRef = 69449AD10B8909A400A19631 /* CD2PluginProtocolV1.h */; };
		8D11072B0486CEB800E47090 /* InfoPlist.strings in Resources */ = {isa = PBXBuildFile; fileRef = 089C165CFE840E0CC02AAC07 /* InfoPlist.strings */; };
		8D11072D0486CEB800E47090 /* main.m in Sources */ = {isa = PBXBuildFile; fileRef = 29B97316FDCFA39411CA2CEA /* main.m */; settings = {ATTRIBUTES = (); }; };
		8D11072F0486CEB800E47090 /* Cocoa.framework in Frameworks */ = {isa = PBXBuildFile; fileRef = 1058C7A1FEA54F0111CA2CBB /* Cocoa.framework */; };
/* End PBXBuildFile section */

/* Begin PBXContainerItemProxy section */
		694495C90B869B9700A19631 /* PBXContainerItemProxy */ = {
			isa = PBXContainerItemProxy;
			containerPortal = 694495C20B869B9600A19631 /* Appscript.xcodeproj */;
			proxyType = 2;
			remoteGlobalIDString = 8DC2EF5B0486A6940098B216;
			remoteInfo = Appscript;
		};
		694495CE0B869BA400A19631 /* PBXContainerItemProxy */ = {
			isa = PBXContainerItemProxy;
			containerPortal = 694495C20B869B9600A19631 /* Appscript.xcodeproj */;
			proxyType = 1;
			remoteGlobalIDString = 8DC2EF4F0486A6940098B216;
			remoteInfo = Appscript;
		};
		69449AA40B89080600A19631 /* PBXContainerItemProxy */ = {
			isa = PBXContainerItemProxy;
			containerPortal = 69449A9C0B89080600A19631 /* terminal.xcodeproj */;
			proxyType = 2;
			remoteGlobalIDString = 8D5B49B6048680CD000E48DA /* terminal.bundle */;
			remoteInfo = terminal;
		};
		69449AA80B89081500A19631 /* PBXContainerItemProxy */ = {
			isa = PBXContainerItemProxy;
			containerPortal = 69449A9C0B89080600A19631 /* terminal.xcodeproj */;
			proxyType = 1;
			remoteGlobalIDString = 8D5B49AC048680CD000E48DA /* terminal */;
			remoteInfo = terminal;
		};
/* End PBXContainerItemProxy section */

/* Begin PBXCopyFilesBuildPhase section */
		694495D00B869BB500A19631 /* CopyFiles */ = {
			isa = PBXCopyFilesBuildPhase;
			buildActionMask = 2147483647;
			dstPath = "";
			dstSubfolderSpec = 10;
			files = (
				694495D40B869BCC00A19631 /* Appscript.framework in CopyFiles */,
				69449AD20B8909A500A19631 /* CD2PluginProtocolV1.h in CopyFiles */,
			);
			runOnlyForDeploymentPostprocessing = 0;
		};
		69449AAB0B89081F00A19631 /* CopyFiles */ = {
			isa = PBXCopyFilesBuildPhase;
			buildActionMask = 2147483647;
			dstPath = "";
			dstSubfolderSpec = 13;
			files = (
				69449AB10B89083200A19631 /* terminal.bundle in CopyFiles */,
			);
			runOnlyForDeploymentPostprocessing = 0;
		};
		69449AB60B89085000A19631 /* CopyFiles */ = {
			isa = PBXCopyFilesBuildPhase;
			buildActionMask = 2147483647;
			comments = "Disable Plugin Copy";
			dstPath = "Contents/PlugIns Disabled";
			dstSubfolderSpec = 1;
			files = (
			);
			runOnlyForDeploymentPostprocessing = 0;
		};
/* End PBXCopyFilesBuildPhase section */

/* Begin PBXFileReference section */
		089C165DFE840E0CC02AAC07 /* English */ = {isa = PBXFileReference; fileEncoding = 10; lastKnownFileType = text.plist.strings; name = English; path = English.lproj/InfoPlist.strings; sourceTree = "<group>"; };
		1058C7A1FEA54F0111CA2CBB /* Cocoa.framework */ = {isa = PBXFileReference; lastKnownFileType = wrapper.framework; name = Cocoa.framework; path = /System/Library/Frameworks/Cocoa.framework; sourceTree = "<absolute>"; };
		13E42FB307B3F0F600E4EEF1 /* CoreData.framework */ = {isa = PBXFileReference; lastKnownFileType = wrapper.framework; name = CoreData.framework; path = /System/Library/Frameworks/CoreData.framework; sourceTree = "<absolute>"; };
		29B97316FDCFA39411CA2CEA /* main.m */ = {isa = PBXFileReference; fileEncoding = 4; lastKnownFileType = sourcecode.c.objc; path = main.m; sourceTree = "<group>"; };
		29B97324FDCFA39411CA2CEA /* AppKit.framework */ = {isa = PBXFileReference; lastKnownFileType = wrapper.framework; name = AppKit.framework; path = /System/Library/Frameworks/AppKit.framework; sourceTree = "<absolute>"; };
		29B97325FDCFA39411CA2CEA /* Foundation.framework */ = {isa = PBXFileReference; lastKnownFileType = wrapper.framework; name = Foundation.framework; path = /System/Library/Frameworks/Foundation.framework; sourceTree = "<absolute>"; };
		32CA4F630368D1EE00C91783 /* cd to ..._Prefix.pch */ = {isa = PBXFileReference; fileEncoding = 4; lastKnownFileType = sourcecode.c.h; path = "cd to ..._Prefix.pch"; sourceTree = "<group>"; };
		694495C20B869B9600A19631 /* Appscript.xcodeproj */ = {isa = PBXFileReference; lastKnownFileType = "wrapper.pb-project"; name = Appscript.xcodeproj; path = lib/Appscript/Appscript.xcodeproj; sourceTree = "<group>"; };
		694496260B86A0E500A19631 /* FNApplicationGlue.h */ = {isa = PBXFileReference; fileEncoding = 30; lastKnownFileType = sourcecode.c.h; path = FNApplicationGlue.h; sourceTree = "<group>"; };
		694496270B86A0E500A19631 /* FNApplicationGlue.m */ = {isa = PBXFileReference; fileEncoding = 30; lastKnownFileType = sourcecode.c.objc; path = FNApplicationGlue.m; sourceTree = "<group>"; };
		694496280B86A0E500A19631 /* FNCommandGlue.h */ = {isa = PBXFileReference; fileEncoding = 30; lastKnownFileType = sourcecode.c.h; path = FNCommandGlue.h; sourceTree = "<group>"; };
		694496290B86A0E500A19631 /* FNCommandGlue.m */ = {isa = PBXFileReference; fileEncoding = 30; lastKnownFileType = sourcecode.c.objc; path = FNCommandGlue.m; sourceTree = "<group>"; };
		6944962A0B86A0E500A19631 /* FNConstantGlue.h */ = {isa = PBXFileReference; fileEncoding = 30; lastKnownFileType = sourcecode.c.h; path = FNConstantGlue.h; sourceTree = "<group>"; };
		6944962B0B86A0E500A19631 /* FNConstantGlue.m */ = {isa = PBXFileReference; fileEncoding = 30; lastKnownFileType = sourcecode.c.objc; path = FNConstantGlue.m; sourceTree = "<group>"; };
		6944962C0B86A0E500A19631 /* FNGlue.h */ = {isa = PBXFileReference; fileEncoding = 30; lastKnownFileType = sourcecode.c.h; path = FNGlue.h; sourceTree = "<group>"; };
		6944962D0B86A0E500A19631 /* FNReferenceGlue.h */ = {isa = PBXFileReference; fileEncoding = 30; lastKnownFileType = sourcecode.c.h; path = FNReferenceGlue.h; sourceTree = "<group>"; };
		6944962E0B86A0E500A19631 /* FNReferenceGlue.m */ = {isa = PBXFileReference; fileEncoding = 30; lastKnownFileType = sourcecode.c.objc; path = FNReferenceGlue.m; sourceTree = "<group>"; };
		6944962F0B86A0E500A19631 /* FNReferenceRendererGlue.h */ = {isa = PBXFileReference; fileEncoding = 30; lastKnownFileType = sourcecode.c.h; path = FNReferenceRendererGlue.h; sourceTree = "<group>"; };
		694496300B86A0E500A19631 /* FNReferenceRendererGlue.m */ = {isa = PBXFileReference; fileEncoding = 30; lastKnownFileType = sourcecode.c.objc; path = FNReferenceRendererGlue.m; sourceTree = "<group>"; };
		694498870B86C47700A19631 /* app.icns */ = {isa = PBXFileReference; lastKnownFileType = image.icns; path = app.icns; sourceTree = "<group>"; };
		694499460B86CEFC00A19631 /* LICENSE */ = {isa = PBXFileReference; fileEncoding = 30; lastKnownFileType = text; path = LICENSE; sourceTree = "<group>"; };
		69449A9C0B89080600A19631 /* terminal.xcodeproj */ = {isa = PBXFileReference; lastKnownFileType = "wrapper.pb-project"; name = terminal.xcodeproj; path = plugins/terminal/terminal.xcodeproj; sourceTree = "<group>"; };
		69449AD10B8909A400A19631 /* CD2PluginProtocolV1.h */ = {isa = PBXFileReference; fileEncoding = 4; lastKnownFileType = sourcecode.c.h; name = CD2PluginProtocolV1.h; path = plugins/CD2PluginProtocolV1.h; sourceTree = "<group>"; };
		8D1107310486CEB800E47090 /* Info.plist */ = {isa = PBXFileReference; fileEncoding = 4; lastKnownFileType = text.plist; path = Info.plist; sourceTree = "<group>"; };
		8D1107320486CEB800E47090 /* >cd to ....app */ = {isa = PBXFileReference; explicitFileType = wrapper.application; includeInIndex = 0; path = ">cd to ....app"; sourceTree = BUILT_PRODUCTS_DIR; };
/* End PBXFileReference section */

/* Begin PBXFrameworksBuildPhase section */
		8D11072E0486CEB800E47090 /* Frameworks */ = {
			isa = PBXFrameworksBuildPhase;
			buildActionMask = 2147483647;
			files = (
				694495D50B869BD700A19631 /* Appscript.framework in Frameworks */,
				8D11072F0486CEB800E47090 /* Cocoa.framework in Frameworks */,
			);
			runOnlyForDeploymentPostprocessing = 0;
		};
/* End PBXFrameworksBuildPhase section */

/* Begin PBXGroup section */
		080E96DDFE201D6D7F000001 /* Classes */ = {
			isa = PBXGroup;
			children = (
			);
			name = Classes;
			sourceTree = "<group>";
		};
		1058C7A0FEA54F0111CA2CBB /* Linked Frameworks */ = {
			isa = PBXGroup;
			children = (
				1058C7A1FEA54F0111CA2CBB /* Cocoa.framework */,
			);
			name = "Linked Frameworks";
			sourceTree = "<group>";
		};
		1058C7A2FEA54F0111CA2CBB /* Other Frameworks */ = {
			isa = PBXGroup;
			children = (
				29B97324FDCFA39411CA2CEA /* AppKit.framework */,
				13E42FB307B3F0F600E4EEF1 /* CoreData.framework */,
				29B97325FDCFA39411CA2CEA /* Foundation.framework */,
			);
			name = "Other Frameworks";
			sourceTree = "<group>";
		};
		19C28FACFE9D520D11CA2CBB /* Products */ = {
			isa = PBXGroup;
			children = (
				8D1107320486CEB800E47090 /* >cd to ....app */,
			);
			name = Products;
			sourceTree = "<group>";
		};
		29B97314FDCFA39411CA2CEA /* cd to ... */ = {
			isa = PBXGroup;
			children = (
				69449AD50B8909AB00A19631 /* plugin */,
				69449A9C0B89080600A19631 /* terminal.xcodeproj */,
				694496250B86A0E500A19631 /* finder */,
				694495BE0B869B3B00A19631 /* external projects */,
				080E96DDFE201D6D7F000001 /* Classes */,
				29B97315FDCFA39411CA2CEA /* Other Sources */,
				29B97317FDCFA39411CA2CEA /* Resources */,
				29B97323FDCFA39411CA2CEA /* Frameworks */,
				19C28FACFE9D520D11CA2CBB /* Products */,
			);
			name = "cd to ...";
			sourceTree = "<group>";
		};
		29B97315FDCFA39411CA2CEA /* Other Sources */ = {
			isa = PBXGroup;
			children = (
				32CA4F630368D1EE00C91783 /* cd to ..._Prefix.pch */,
				29B97316FDCFA39411CA2CEA /* main.m */,
			);
			name = "Other Sources";
			sourceTree = "<group>";
		};
		29B97317FDCFA39411CA2CEA /* Resources */ = {
			isa = PBXGroup;
			children = (
				694499460B86CEFC00A19631 /* LICENSE */,
				694498870B86C47700A19631 /* app.icns */,
				8D1107310486CEB800E47090 /* Info.plist */,
				089C165CFE840E0CC02AAC07 /* InfoPlist.strings */,
			);
			name = Resources;
			sourceTree = "<group>";
		};
		29B97323FDCFA39411CA2CEA /* Frameworks */ = {
			isa = PBXGroup;
			children = (
				1058C7A0FEA54F0111CA2CBB /* Linked Frameworks */,
				1058C7A2FEA54F0111CA2CBB /* Other Frameworks */,
			);
			name = Frameworks;
			sourceTree = "<group>";
		};
		694495BE0B869B3B00A19631 /* external projects */ = {
			isa = PBXGroup;
			children = (
				694495C20B869B9600A19631 /* Appscript.xcodeproj */,
			);
			name = "external projects";
			sourceTree = "<group>";
		};
		694495C30B869B9600A19631 /* Products */ = {
			isa = PBXGroup;
			children = (
				694495CA0B869B9700A19631 /* Appscript.framework */,
			);
			name = Products;
			sourceTree = "<group>";
		};
		694496250B86A0E500A19631 /* finder */ = {
			isa = PBXGroup;
			children = (
				694496260B86A0E500A19631 /* FNApplicationGlue.h */,
				694496270B86A0E500A19631 /* FNApplicationGlue.m */,
				694496280B86A0E500A19631 /* FNCommandGlue.h */,
				694496290B86A0E500A19631 /* FNCommandGlue.m */,
				6944962A0B86A0E500A19631 /* FNConstantGlue.h */,
				6944962B0B86A0E500A19631 /* FNConstantGlue.m */,
				6944962C0B86A0E500A19631 /* FNGlue.h */,
				6944962D0B86A0E500A19631 /* FNReferenceGlue.h */,
				6944962E0B86A0E500A19631 /* FNReferenceGlue.m */,
				6944962F0B86A0E500A19631 /* FNReferenceRendererGlue.h */,
				694496300B86A0E500A19631 /* FNReferenceRendererGlue.m */,
			);
			name = finder;
			path = glue/finder;
			sourceTree = "<group>";
		};
		69449A9D0B89080600A19631 /* Products */ = {
			isa = PBXGroup;
			children = (
				69449AA50B89080600A19631 /* terminal.bundle */,
			);
			name = Products;
			sourceTree = "<group>";
		};
		69449AD50B8909AB00A19631 /* plugin */ = {
			isa = PBXGroup;
			children = (
				69449AD10B8909A400A19631 /* CD2PluginProtocolV1.h */,
			);
			name = plugin;
			sourceTree = "<group>";
		};
/* End PBXGroup section */

/* Begin PBXNativeTarget section */
		8D1107260486CEB800E47090 /* >cd to ... */ = {
			isa = PBXNativeTarget;
			buildConfigurationList = C01FCF4A08A954540054247B /* Build configuration list for PBXNativeTarget ">cd to ..." */;
			buildPhases = (
				8D1107290486CEB800E47090 /* Resources */,
				8D11072C0486CEB800E47090 /* Sources */,
				8D11072E0486CEB800E47090 /* Frameworks */,
				694495D00B869BB500A19631 /* CopyFiles */,
				69449AAB0B89081F00A19631 /* CopyFiles */,
				69449AB60B89085000A19631 /* CopyFiles */,
			);
			buildRules = (
			);
			dependencies = (
				694495CF0B869BA400A19631 /* PBXTargetDependency */,
				69449AA90B89081500A19631 /* PBXTargetDependency */,
			);
			name = ">cd to ...";
			productInstallPath = "$(HOME)/Applications";
			productName = "cd to ...";
			productReference = 8D1107320486CEB800E47090 /* >cd to ....app */;
			productType = "com.apple.product-type.application";
		};
/* End PBXNativeTarget section */

/* Begin PBXProject section */
		29B97313FDCFA39411CA2CEA /* Project object */ = {
			isa = PBXProject;
			buildConfigurationList = C01FCF4E08A954540054247B /* Build configuration list for PBXProject "cd to ..." */;
			hasScannedForEncodings = 1;
			mainGroup = 29B97314FDCFA39411CA2CEA /* cd to ... */;
			projectDirPath = "";
			projectReferences = (
				{
					ProductGroup = 694495C30B869B9600A19631 /* Products */;
					ProjectRef = 694495C20B869B9600A19631 /* Appscript.xcodeproj */;
				},
				{
					ProductGroup = 69449A9D0B89080600A19631 /* Products */;
					ProjectRef = 69449A9C0B89080600A19631 /* terminal.xcodeproj */;
				},
			);
			targets = (
				8D1107260486CEB800E47090 /* >cd to ... */,
			);
		};
/* End PBXProject section */

/* Begin PBXReferenceProxy section */
		694495CA0B869B9700A19631 /* Appscript.framework */ = {
			isa = PBXReferenceProxy;
			fileType = wrapper.framework;
			path = Appscript.framework;
			remoteRef = 694495C90B869B9700A19631 /* PBXContainerItemProxy */;
			sourceTree = BUILT_PRODUCTS_DIR;
		};
		69449AA50B89080600A19631 /* terminal.bundle */ = {
			isa = PBXReferenceProxy;
			fileType = wrapper.cfbundle;
			path = terminal.bundle;
			remoteRef = 69449AA40B89080600A19631 /* PBXContainerItemProxy */;
			sourceTree = BUILT_PRODUCTS_DIR;
		};
/* End PBXReferenceProxy section */

/* Begin PBXResourcesBuildPhase section */
		8D1107290486CEB800E47090 /* Resources */ = {
			isa = PBXResourcesBuildPhase;
			buildActionMask = 2147483647;
			files = (
				8D11072B0486CEB800E47090 /* InfoPlist.strings in Resources */,
				694498880B86C47700A19631 /* app.icns in Resources */,
				694499470B86CEFC00A19631 /* LICENSE in Resources */,
			);
			runOnlyForDeploymentPostprocessing = 0;
		};
/* End PBXResourcesBuildPhase section */

/* Begin PBXSourcesBuildPhase section */
		8D11072C0486CEB800E47090 /* Sources */ = {
			isa = PBXSourcesBuildPhase;
			buildActionMask = 2147483647;
			files = (
				8D11072D0486CEB800E47090 /* main.m in Sources */,
				694496320B86A0E500A19631 /* FNApplicationGlue.m in Sources */,
				694496340B86A0E500A19631 /* FNCommandGlue.m in Sources */,
				694496360B86A0E500A19631 /* FNConstantGlue.m in Sources */,
				694496390B86A0E500A19631 /* FNReferenceGlue.m in Sources */,
				6944963B0B86A0E500A19631 /* FNReferenceRendererGlue.m in Sources */,
			);
			runOnlyForDeploymentPostprocessing = 0;
		};
/* End PBXSourcesBuildPhase section */

/* Begin PBXTargetDependency section */
		694495CF0B869BA400A19631 /* PBXTargetDependency */ = {
			isa = PBXTargetDependency;
			name = Appscript;
			targetProxy = 694495CE0B869BA400A19631 /* PBXContainerItemProxy */;
		};
		69449AA90B89081500A19631 /* PBXTargetDependency */ = {
			isa = PBXTargetDependency;
			name = terminal;
			targetProxy = 69449AA80B89081500A19631 /* PBXContainerItemProxy */;
		};
/* End PBXTargetDependency section */

/* Begin PBXVariantGroup section */
		089C165CFE840E0CC02AAC07 /* InfoPlist.strings */ = {
			isa = PBXVariantGroup;
			children = (
				089C165DFE840E0CC02AAC07 /* English */,
			);
			name = InfoPlist.strings;
			sourceTree = "<group>";
		};
/* End PBXVariantGroup section */

/* Begin XCBuildConfiguration section */
		C01FCF4B08A954540054247B /* Debug */ = {
			isa = XCBuildConfiguration;
			buildSettings = {
				ARCHS = (
					ppc,
					i386,
				);
				COPY_PHASE_STRIP = NO;
				GCC_DYNAMIC_NO_PIC = NO;
				GCC_ENABLE_FIX_AND_CONTINUE = YES;
				GCC_ENABLE_OBJC_EXCEPTIONS = YES;
				GCC_MODEL_TUNING = G5;
				GCC_OPTIMIZATION_LEVEL = 0;
				INFOPLIST_FILE = Info.plist;
				INSTALL_PATH = "$(HOME)/Applications";
				PRODUCT_NAME = ">cd to ...";
				WRAPPER_EXTENSION = app;
				ZERO_LINK = YES;
			};
			name = Debug;
		};
		C01FCF4C08A954540054247B /* Release */ = {
			isa = XCBuildConfiguration;
			buildSettings = {
				ARCHS = (
					ppc,
					i386,
				);
				GCC_ENABLE_OBJC_EXCEPTIONS = YES;
				GCC_GENERATE_DEBUGGING_SYMBOLS = NO;
				GCC_MODEL_TUNING = G5;
				INFOPLIST_FILE = Info.plist;
				INSTALL_PATH = "$(HOME)/Applications";
				PRODUCT_NAME = ">cd to ...";
				WRAPPER_EXTENSION = app;
			};
			name = Release;
		};
		C01FCF4F08A954540054247B /* Debug */ = {
			isa = XCBuildConfiguration;
			buildSettings = {
				GCC_WARN_ABOUT_RETURN_TYPE = YES;
				GCC_WARN_UNUSED_VARIABLE = YES;
				PREBINDING = NO;
				SDKROOT = /Developer/SDKs/MacOSX10.4u.sdk;
			};
			name = Debug;
		};
		C01FCF5008A954540054247B /* Release */ = {
			isa = XCBuildConfiguration;
			buildSettings = {
				GCC_WARN_ABOUT_RETURN_TYPE = YES;
				GCC_WARN_UNUSED_VARIABLE = YES;
				PREBINDING = NO;
				SDKROOT = /Developer/SDKs/MacOSX10.4u.sdk;
			};
			name = Release;
		};
/* End XCBuildConfiguration section */

/* Begin XCConfigurationList section */
		C01FCF4A08A954540054247B /* Build configuration list for PBXNativeTarget ">cd to ..." */ = {
			isa = XCConfigurationList;
			buildConfigurations = (
				C01FCF4B08A954540054247B /* Debug */,
				C01FCF4C08A954540054247B /* Release */,
			);
			defaultConfigurationIsVisible = 0;
			defaultConfigurationName = Release;
		};
		C01FCF4E08A954540054247B /* Build configuration list for PBXProject "cd to ..." */ = {
			isa = XCConfigurationList;
			buildConfigurations = (
				C01FCF4F08A954540054247B /* Debug */,
				C01FCF5008A954540054247B /* Release */,
			);
			defaultConfigurationIsVisible = 0;
			defaultConfigurationName = Release;
		};
/* End XCConfigurationList section */
	};
	rootObject = 29B97313FDCFA39411CA2CEA /* Project object */;
}
