// !$*UTF8*$!
{
	archiveVersion = 1;
	classes = {
	};
	objectVersion = 42;
	objects = {

/* Begin PBXBuildFile section */
		69449D750B894D8000A19631 /* Appscript.framework in Frameworks */ = {isa = PBXBuildFile; fileRef = 69449D440B894C2200A19631 /* Appscript.framework */; };
		6CB6E1E00B8A3B43003F678D /* PFApplicationGlue.m in Sources */ = {isa = PBXBuildFile; fileRef = 6CB6E1D60B8A3B43003F678D /* PFApplicationGlue.m */; };
		6CB6E1E10B8A3B43003F678D /* PFCommandGlue.m in Sources */ = {isa = PBXBuildFile; fileRef = 6CB6E1D80B8A3B43003F678D /* PFCommandGlue.m */; };
		6CB6E1E20B8A3B43003F678D /* PFConstantGlue.m in Sources */ = {isa = PBXBuildFile; fileRef = 6CB6E1DA0B8A3B43003F678D /* PFConstantGlue.m */; };
		6CB6E1E30B8A3B43003F678D /* PFReferenceGlue.m in Sources */ = {isa = PBXBuildFile; fileRef = 6CB6E1DD0B8A3B43003F678D /* PFReferenceGlue.m */; };
		6CB6E1E40B8A3B43003F678D /* PFReferenceRendererGlue.m in Sources */ = {isa = PBXBuildFile; fileRef = 6CB6E1DF0B8A3B43003F678D /* PFReferenceRendererGlue.m */; };
		6CB6E1EE0B8A3B61003F678D /* CD2PathFinder.m in Sources */ = {isa = PBXBuildFile; fileRef = 6CB6E1ED0B8A3B61003F678D /* CD2PathFinder.m */; };
		8D5B49B0048680CD000E48DA /* InfoPlist.strings in Resources */ = {isa = PBXBuildFile; fileRef = 089C167DFE841241C02AAC07 /* InfoPlist.strings */; };
		8D5B49B4048680CD000E48DA /* Cocoa.framework in Frameworks */ = {isa = PBXBuildFile; fileRef = 1058C7ADFEA557BF11CA2CBB /* Cocoa.framework */; };
/* End PBXBuildFile section */

/* Begin PBXContainerItemProxy section */
		69449D430B894C2200A19631 /* PBXContainerItemProxy */ = {
			isa = PBXContainerItemProxy;
			containerPortal = 69449D3F0B894C2200A19631 /* Appscript.xcodeproj */;
			proxyType = 2;
			remoteGlobalIDString = 8DC2EF5B0486A6940098B216;
			remoteInfo = Appscript;
		};
		69449D650B894D1300A19631 /* PBXContainerItemProxy */ = {
			isa = PBXContainerItemProxy;
			containerPortal = 69449D3F0B894C2200A19631 /* Appscript.xcodeproj */;
			proxyType = 1;
			remoteGlobalIDString = 8DC2EF4F0486A6940098B216;
			remoteInfo = Appscript;
		};
/* End PBXContainerItemProxy section */

/* Begin PBXFileReference section */
		089C1672FE841209C02AAC07 /* Foundation.framework */ = {isa = PBXFileReference; lastKnownFileType = wrapper.framework; name = Foundation.framework; path = /System/Library/Frameworks/Foundation.framework; sourceTree = "<absolute>"; };
		089C167EFE841241C02AAC07 /* English */ = {isa = PBXFileReference; fileEncoding = 10; lastKnownFileType = text.plist.strings; name = English; path = English.lproj/InfoPlist.strings; sourceTree = "<group>"; };
		089C167FFE841241C02AAC07 /* AppKit.framework */ = {isa = PBXFileReference; lastKnownFileType = wrapper.framework; name = AppKit.framework; path = /System/Library/Frameworks/AppKit.framework; sourceTree = "<absolute>"; };
		1058C7ADFEA557BF11CA2CBB /* Cocoa.framework */ = {isa = PBXFileReference; lastKnownFileType = wrapper.framework; name = Cocoa.framework; path = /System/Library/Frameworks/Cocoa.framework; sourceTree = "<absolute>"; };
		69449D270B894BAA00A19631 /* CD2PluginProtocolV1.h */ = {isa = PBXFileReference; fileEncoding = 30; lastKnownFileType = sourcecode.c.h; name = CD2PluginProtocolV1.h; path = ../CD2PluginProtocolV1.h; sourceTree = SOURCE_ROOT; };
		69449D3F0B894C2200A19631 /* Appscript.xcodeproj */ = {isa = PBXFileReference; lastKnownFileType = "wrapper.pb-project"; name = Appscript.xcodeproj; path = ../../lib/Appscript/Appscript.xcodeproj; sourceTree = SOURCE_ROOT; };
		6CB6E1D50B8A3B43003F678D /* PFApplicationGlue.h */ = {isa = PBXFileReference; fileEncoding = 30; lastKnownFileType = sourcecode.c.h; path = PFApplicationGlue.h; sourceTree = "<group>"; };
		6CB6E1D60B8A3B43003F678D /* PFApplicationGlue.m */ = {isa = PBXFileReference; fileEncoding = 30; lastKnownFileType = sourcecode.c.objc; path = PFApplicationGlue.m; sourceTree = "<group>"; };
		6CB6E1D70B8A3B43003F678D /* PFCommandGlue.h */ = {isa = PBXFileReference; fileEncoding = 30; lastKnownFileType = sourcecode.c.h; path = PFCommandGlue.h; sourceTree = "<group>"; };
		6CB6E1D80B8A3B43003F678D /* PFCommandGlue.m */ = {isa = PBXFileReference; fileEncoding = 30; lastKnownFileType = sourcecode.c.objc; path = PFCommandGlue.m; sourceTree = "<group>"; };
		6CB6E1D90B8A3B43003F678D /* PFConstantGlue.h */ = {isa = PBXFileReference; fileEncoding = 30; lastKnownFileType = sourcecode.c.h; path = PFConstantGlue.h; sourceTree = "<group>"; };
		6CB6E1DA0B8A3B43003F678D /* PFConstantGlue.m */ = {isa = PBXFileReference; fileEncoding = 30; lastKnownFileType = sourcecode.c.objc; path = PFConstantGlue.m; sourceTree = "<group>"; };
		6CB6E1DB0B8A3B43003F678D /* PFGlue.h */ = {isa = PBXFileReference; fileEncoding = 30; lastKnownFileType = sourcecode.c.h; path = PFGlue.h; sourceTree = "<group>"; };
		6CB6E1DC0B8A3B43003F678D /* PFReferenceGlue.h */ = {isa = PBXFileReference; fileEncoding = 30; lastKnownFileType = sourcecode.c.h; path = PFReferenceGlue.h; sourceTree = "<group>"; };
		6CB6E1DD0B8A3B43003F678D /* PFReferenceGlue.m */ = {isa = PBXFileReference; fileEncoding = 30; lastKnownFileType = sourcecode.c.objc; path = PFReferenceGlue.m; sourceTree = "<group>"; };
		6CB6E1DE0B8A3B43003F678D /* PFReferenceRendererGlue.h */ = {isa = PBXFileReference; fileEncoding = 30; lastKnownFileType = sourcecode.c.h; path = PFReferenceRendererGlue.h; sourceTree = "<group>"; };
		6CB6E1DF0B8A3B43003F678D /* PFReferenceRendererGlue.m */ = {isa = PBXFileReference; fileEncoding = 30; lastKnownFileType = sourcecode.c.objc; path = PFReferenceRendererGlue.m; sourceTree = "<group>"; };
		6CB6E1EC0B8A3B61003F678D /* CD2PathFinder.h */ = {isa = PBXFileReference; fileEncoding = 30; lastKnownFileType = sourcecode.c.h; path = CD2PathFinder.h; sourceTree = "<group>"; };
		6CB6E1ED0B8A3B61003F678D /* CD2PathFinder.m */ = {isa = PBXFileReference; fileEncoding = 30; lastKnownFileType = sourcecode.c.objc; path = CD2PathFinder.m; sourceTree = "<group>"; };
		6CB6E1EF0B8A3B6A003F678D /* pathfinder_Prefix.pch */ = {isa = PBXFileReference; fileEncoding = 30; lastKnownFileType = sourcecode.c.h; path = pathfinder_Prefix.pch; sourceTree = "<group>"; };
		8D5B49B6048680CD000E48DA /* pathfinder.bundle */ = {isa = PBXFileReference; explicitFileType = wrapper.cfbundle; includeInIndex = 0; path = pathfinder.bundle; sourceTree = BUILT_PRODUCTS_DIR; };
		8D5B49B7048680CD000E48DA /* Info.plist */ = {isa = PBXFileReference; fileEncoding = 4; lastKnownFileType = text.xml; path = Info.plist; sourceTree = "<group>"; };
		D2F7E65807B2D6F200F64583 /* CoreData.framework */ = {isa = PBXFileReference; lastKnownFileType = wrapper.framework; name = CoreData.framework; path = /System/Library/Frameworks/CoreData.framework; sourceTree = "<absolute>"; };
/* End PBXFileReference section */

/* Begin PBXFrameworksBuildPhase section */
		8D5B49B3048680CD000E48DA /* Frameworks */ = {
			isa = PBXFrameworksBuildPhase;
			buildActionMask = 2147483647;
			files = (
				69449D750B894D8000A19631 /* Appscript.framework in Frameworks */,
				8D5B49B4048680CD000E48DA /* Cocoa.framework in Frameworks */,
			);
			runOnlyForDeploymentPostprocessing = 0;
		};
/* End PBXFrameworksBuildPhase section */

/* Begin PBXGroup section */
		089C166AFE841209C02AAC07 /* iterm */ = {
			isa = PBXGroup;
			children = (
				69449D4B0B894CC800A19631 /* glue */,
				69449D3F0B894C2200A19631 /* Appscript.xcodeproj */,
				69449D270B894BAA00A19631 /* CD2PluginProtocolV1.h */,
				08FB77AFFE84173DC02AAC07 /* Classes */,
				32C88E010371C26100C91783 /* Other Sources */,
				089C167CFE841241C02AAC07 /* Resources */,
				089C1671FE841209C02AAC07 /* Frameworks and Libraries */,
				19C28FB8FE9D52D311CA2CBB /* Products */,
			);
			name = iterm;
			sourceTree = "<group>";
		};
		089C1671FE841209C02AAC07 /* Frameworks and Libraries */ = {
			isa = PBXGroup;
			children = (
				1058C7ACFEA557BF11CA2CBB /* Linked Frameworks */,
				1058C7AEFEA557BF11CA2CBB /* Other Frameworks */,
			);
			name = "Frameworks and Libraries";
			sourceTree = "<group>";
		};
		089C167CFE841241C02AAC07 /* Resources */ = {
			isa = PBXGroup;
			children = (
				8D5B49B7048680CD000E48DA /* Info.plist */,
				089C167DFE841241C02AAC07 /* InfoPlist.strings */,
			);
			name = Resources;
			sourceTree = "<group>";
		};
		08FB77AFFE84173DC02AAC07 /* Classes */ = {
			isa = PBXGroup;
			children = (
				6CB6E1EC0B8A3B61003F678D /* CD2PathFinder.h */,
				6CB6E1ED0B8A3B61003F678D /* CD2PathFinder.m */,
			);
			name = Classes;
			sourceTree = "<group>";
		};
		1058C7ACFEA557BF11CA2CBB /* Linked Frameworks */ = {
			isa = PBXGroup;
			children = (
				1058C7ADFEA557BF11CA2CBB /* Cocoa.framework */,
			);
			name = "Linked Frameworks";
			sourceTree = "<group>";
		};
		1058C7AEFEA557BF11CA2CBB /* Other Frameworks */ = {
			isa = PBXGroup;
			children = (
				089C167FFE841241C02AAC07 /* AppKit.framework */,
				D2F7E65807B2D6F200F64583 /* CoreData.framework */,
				089C1672FE841209C02AAC07 /* Foundation.framework */,
			);
			name = "Other Frameworks";
			sourceTree = "<group>";
		};
		19C28FB8FE9D52D311CA2CBB /* Products */ = {
			isa = PBXGroup;
			children = (
				8D5B49B6048680CD000E48DA /* pathfinder.bundle */,
			);
			name = Products;
			sourceTree = "<group>";
		};
		32C88E010371C26100C91783 /* Other Sources */ = {
			isa = PBXGroup;
			children = (
				6CB6E1EF0B8A3B6A003F678D /* pathfinder_Prefix.pch */,
			);
			name = "Other Sources";
			sourceTree = "<group>";
		};
		69449D400B894C2200A19631 /* Products */ = {
			isa = PBXGroup;
			children = (
				69449D440B894C2200A19631 /* Appscript.framework */,
			);
			name = Products;
			sourceTree = "<group>";
		};
		69449D4B0B894CC800A19631 /* glue */ = {
			isa = PBXGroup;
			children = (
				6CB6E1D50B8A3B43003F678D /* PFApplicationGlue.h */,
				6CB6E1D60B8A3B43003F678D /* PFApplicationGlue.m */,
				6CB6E1D70B8A3B43003F678D /* PFCommandGlue.h */,
				6CB6E1D80B8A3B43003F678D /* PFCommandGlue.m */,
				6CB6E1D90B8A3B43003F678D /* PFConstantGlue.h */,
				6CB6E1DA0B8A3B43003F678D /* PFConstantGlue.m */,
				6CB6E1DB0B8A3B43003F678D /* PFGlue.h */,
				6CB6E1DC0B8A3B43003F678D /* PFReferenceGlue.h */,
				6CB6E1DD0B8A3B43003F678D /* PFReferenceGlue.m */,
				6CB6E1DE0B8A3B43003F678D /* PFReferenceRendererGlue.h */,
				6CB6E1DF0B8A3B43003F678D /* PFReferenceRendererGlue.m */,
			);
			path = glue;
			sourceTree = "<group>";
		};
/* End PBXGroup section */

/* Begin PBXNativeTarget section */
		8D5B49AC048680CD000E48DA /* pathfinder */ = {
			isa = PBXNativeTarget;
			buildConfigurationList = 1DEB913A08733D840010E9CD /* Build configuration list for PBXNativeTarget "pathfinder" */;
			buildPhases = (
				8D5B49AF048680CD000E48DA /* Resources */,
				8D5B49B1048680CD000E48DA /* Sources */,
				8D5B49B3048680CD000E48DA /* Frameworks */,
			);
			buildRules = (
			);
			dependencies = (
				69449D660B894D1300A19631 /* PBXTargetDependency */,
			);
			name = pathfinder;
			productInstallPath = "$(HOME)/Library/Bundles";
			productName = iterm;
			productReference = 8D5B49B6048680CD000E48DA /* pathfinder.bundle */;
			productType = "com.apple.product-type.bundle";
		};
/* End PBXNativeTarget section */

/* Begin PBXProject section */
		089C1669FE841209C02AAC07 /* Project object */ = {
			isa = PBXProject;
			buildConfigurationList = 1DEB913E08733D840010E9CD /* Build configuration list for PBXProject "pathfinder" */;
			hasScannedForEncodings = 1;
			mainGroup = 089C166AFE841209C02AAC07 /* iterm */;
			projectDirPath = "";
			projectReferences = (
				{
					ProductGroup = 69449D400B894C2200A19631 /* Products */;
					ProjectRef = 69449D3F0B894C2200A19631 /* Appscript.xcodeproj */;
				},
			);
			targets = (
				8D5B49AC048680CD000E48DA /* pathfinder */,
			);
		};
/* End PBXProject section */

/* Begin PBXReferenceProxy section */
		69449D440B894C2200A19631 /* Appscript.framework */ = {
			isa = PBXReferenceProxy;
			fileType = wrapper.framework;
			path = Appscript.framework;
			remoteRef = 69449D430B894C2200A19631 /* PBXContainerItemProxy */;
			sourceTree = BUILT_PRODUCTS_DIR;
		};
/* End PBXReferenceProxy section */

/* Begin PBXResourcesBuildPhase section */
		8D5B49AF048680CD000E48DA /* Resources */ = {
			isa = PBXResourcesBuildPhase;
			buildActionMask = 2147483647;
			files = (
				8D5B49B0048680CD000E48DA /* InfoPlist.strings in Resources */,
			);
			runOnlyForDeploymentPostprocessing = 0;
		};
/* End PBXResourcesBuildPhase section */

/* Begin PBXSourcesBuildPhase section */
		8D5B49B1048680CD000E48DA /* Sources */ = {
			isa = PBXSourcesBuildPhase;
			buildActionMask = 2147483647;
			files = (
				6CB6E1E00B8A3B43003F678D /* PFApplicationGlue.m in Sources */,
				6CB6E1E10B8A3B43003F678D /* PFCommandGlue.m in Sources */,
				6CB6E1E20B8A3B43003F678D /* PFConstantGlue.m in Sources */,
				6CB6E1E30B8A3B43003F678D /* PFReferenceGlue.m in Sources */,
				6CB6E1E40B8A3B43003F678D /* PFReferenceRendererGlue.m in Sources */,
				6CB6E1EE0B8A3B61003F678D /* CD2PathFinder.m in Sources */,
			);
			runOnlyForDeploymentPostprocessing = 0;
		};
/* End PBXSourcesBuildPhase section */

/* Begin PBXTargetDependency section */
		69449D660B894D1300A19631 /* PBXTargetDependency */ = {
			isa = PBXTargetDependency;
			name = Appscript;
			targetProxy = 69449D650B894D1300A19631 /* PBXContainerItemProxy */;
		};
/* End PBXTargetDependency section */

/* Begin PBXVariantGroup section */
		089C167DFE841241C02AAC07 /* InfoPlist.strings */ = {
			isa = PBXVariantGroup;
			children = (
				089C167EFE841241C02AAC07 /* English */,
			);
			name = InfoPlist.strings;
			sourceTree = "<group>";
		};
/* End PBXVariantGroup section */

/* Begin XCBuildConfiguration section */
		1DEB913B08733D840010E9CD /* Debug */ = {
			isa = XCBuildConfiguration;
			buildSettings = {
				COPY_PHASE_STRIP = NO;
				GCC_DYNAMIC_NO_PIC = NO;
				GCC_ENABLE_FIX_AND_CONTINUE = YES;
				GCC_ENABLE_OBJC_EXCEPTIONS = YES;
				GCC_MODEL_TUNING = G5;
				GCC_OPTIMIZATION_LEVEL = 0;
				GCC_PRECOMPILE_PREFIX_HEADER = YES;
				GCC_PREFIX_HEADER = pathfinder_prefix.pch;
				INFOPLIST_FILE = Info.plist;
				INSTALL_PATH = "$(HOME)/Library/Bundles";
				PRODUCT_NAME = pathfinder;
				WRAPPER_EXTENSION = bundle;
				ZERO_LINK = YES;
			};
			name = Debug;
		};
		1DEB913C08733D840010E9CD /* Release */ = {
			isa = XCBuildConfiguration;
			buildSettings = {
				ARCHS = (
					ppc,
					i386,
				);
				GCC_ENABLE_OBJC_EXCEPTIONS = YES;
				GCC_GENERATE_DEBUGGING_SYMBOLS = NO;
				GCC_MODEL_TUNING = G5;
				GCC_PRECOMPILE_PREFIX_HEADER = YES;
				GCC_PREFIX_HEADER = pathfinder_prefix.pch;
				INFOPLIST_FILE = Info.plist;
				INSTALL_PATH = "$(HOME)/Library/Bundles";
				PRODUCT_NAME = pathfinder;
				WRAPPER_EXTENSION = bundle;
			};
			name = Release;
		};
		1DEB913F08733D840010E9CD /* Debug */ = {
			isa = XCBuildConfiguration;
			buildSettings = {
				GCC_WARN_ABOUT_RETURN_TYPE = YES;
				GCC_WARN_UNUSED_VARIABLE = YES;
				PREBINDING = NO;
				SDKROOT = /Developer/SDKs/MacOSX10.4u.sdk;
			};
			name = Debug;
		};
		1DEB914008733D840010E9CD /* Release */ = {
			isa = XCBuildConfiguration;
			buildSettings = {
				GCC_WARN_ABOUT_RETURN_TYPE = YES;
				GCC_WARN_UNUSED_VARIABLE = YES;
				PREBINDING = NO;
				SDKROOT = /Developer/SDKs/MacOSX10.4u.sdk;
			};
			name = Release;
		};
/* End XCBuildConfiguration section */

/* Begin XCConfigurationList section */
		1DEB913A08733D840010E9CD /* Build configuration list for PBXNativeTarget "pathfinder" */ = {
			isa = XCConfigurationList;
			buildConfigurations = (
				1DEB913B08733D840010E9CD /* Debug */,
				1DEB913C08733D840010E9CD /* Release */,
			);
			defaultConfigurationIsVisible = 0;
			defaultConfigurationName = Release;
		};
		1DEB913E08733D840010E9CD /* Build configuration list for PBXProject "pathfinder" */ = {
			isa = XCConfigurationList;
			buildConfigurations = (
				1DEB913F08733D840010E9CD /* Debug */,
				1DEB914008733D840010E9CD /* Release */,
			);
			defaultConfigurationIsVisible = 0;
			defaultConfigurationName = Release;
		};
/* End XCConfigurationList section */
	};
	rootObject = 089C1669FE841209C02AAC07 /* Project object */;
}
